
Microsoft Visual Studio Solution File, Format Version 12.00
# Visual Studio Version 17
VisualStudioVersion = 17.11.35327.3
MinimumVisualStudioVersion = 10.0.40219.1
Project("{9A19103F-16F7-4668-BE54-9A1E7A4F7556}") = "SumApp", "SumApp\SumApp.csproj", "{B77111F2-CD5D-4E40-AC3D-805CD4B06F66}"
EndProject
Project("{9A19103F-16F7-4668-BE54-9A1E7A4F7556}") = "Calculator.Tests", "Calculator.Tests\Calculator.Tests.csproj", "{4BD7B2EE-C418-42A1-9A06-B77130972646}"
EndProject
Project("{9A19103F-16F7-4668-BE54-9A1E7A4F7556}") = "Calculator", "Calculator\Calculator.csproj", "{761F78BB-FB52-4228-B5E1-D848A49ACDCD}"
EndProject
Global
	GlobalSection(SolutionConfigurationPlatforms) = preSolution
		Debug|Any CPU = Debug|Any CPU
		Release|Any CPU = Release|Any CPU
	EndGlobalSection
	GlobalSection(ProjectConfigurationPlatforms) = postSolution
		{B77111F2-CD5D-4E40-AC3D-805CD4B06F66}.Debug|Any CPU.ActiveCfg = Debug|Any CPU
		{B77111F2-CD5D-4E40-AC3D-805CD4B06F66}.Debug|Any CPU.Build.0 = Debug|Any CPU
		{B77111F2-CD5D-4E40-AC3D-805CD4B06F66}.Release|Any CPU.ActiveCfg = Release|Any CPU
		{B77111F2-CD5D-4E40-AC3D-805CD4B06F66}.Release|Any CPU.Build.0 = Release|Any CPU
		{4BD7B2EE-C418-42A1-9A06-B77130972646}.Debug|Any CPU.ActiveCfg = Debug|Any CPU
		{4BD7B2EE-C418-42A1-9A06-B77130972646}.Debug|Any CPU.Build.0 = Debug|Any CPU
		{4BD7B2EE-C418-42A1-9A06-B77130972646}.Release|Any CPU.ActiveCfg = Release|Any CPU
		{4BD7B2EE-C418-42A1-9A06-B77130972646}.Release|Any CPU.Build.0 = Release|Any CPU
		{761F78BB-FB52-4228-B5E1-D848A49ACDCD}.Debug|Any CPU.ActiveCfg = Debug|Any CPU
		{761F78BB-FB52-4228-B5E1-D848A49ACDCD}.Debug|Any CPU.Build.0 = Debug|Any CPU
		{761F78BB-FB52-4228-B5E1-D848A49ACDCD}.Release|Any CPU.ActiveCfg = Release|Any CPU
		{761F78BB-FB52-4228-B5E1-D848A49ACDCD}.Release|Any CPU.Build.0 = Release|Any CPU
	EndGlobalSection
	GlobalSection(SolutionProperties) = preSolution
		HideSolutionNode = FALSE
	EndGlobalSection
	GlobalSection(ExtensibilityGlobals) = postSolution
		SolutionGuid = {DC42BEE2-199B-4140-89EA-178DB5FF4EFA}
	EndGlobalSection
EndGlobal
